
Microsoft Visual Studio Solution File, Format Version 12.00
# Visual Studio Version 17
VisualStudioVersion = 17.14.36401.2
MinimumVisualStudioVersion = 10.0.40219.1
Project("{8BC9CEB8-8B4A-11D0-8D11-00A0C91BC942}") = "asset_loader", "asset_loader\asset_loader.vcxproj", "{7F5F951A-757E-4062-8317-B68DC9E0E784}"
EndProject
Project("{8BC9CEB8-8B4A-11D0-8D11-00A0C91BC942}") = "asset_loader_test", "asset_loader_test\asset_loader_test.vcxproj", "{BE2339E0-DCC3-4BBD-A482-45C88FEC5F77}"
EndProject
Project("{8BC9CEB8-8B4A-11D0-8D11-00A0C91BC942}") = "component_editor", "component_editor\component_editor.vcxproj", "{65C8B479-6DDF-448C-9795-401B0D407F33}"
EndProject
Project("{8BC9CEB8-8B4A-11D0-8D11-00A0C91BC942}") = "component_editor_test", "component_editor_test\component_editor_test.vcxproj", "{A1B96586-F503-4173-8B6F-F5C10A0791DC}"
EndProject
Project("{8BC9CEB8-8B4A-11D0-8D11-00A0C91BC942}") = "directx12_util", "directx12_util\directx12_util.vcxproj", "{B1786858-C5A8-488E-B726-66C0FC56519B}"
EndProject
Project("{8BC9CEB8-8B4A-11D0-8D11-00A0C91BC942}") = "directx12_util_test", "directx12_util_test\directx12_util_test.vcxproj", "{C50061C9-1439-46BF-B05B-56564F79E816}"
EndProject
Project("{8BC9CEB8-8B4A-11D0-8D11-00A0C91BC942}") = "ecs", "ecs\ecs.vcxproj", "{DC344D2D-D679-4F47-81B4-245CC6AB54E8}"
EndProject
Project("{8BC9CEB8-8B4A-11D0-8D11-00A0C91BC942}") = "ecs_test", "ecs_test\ecs_test.vcxproj", "{7486DB09-DE8E-4CC4-81E0-C0B3E111AA18}"
EndProject
Project("{8BC9CEB8-8B4A-11D0-8D11-00A0C91BC942}") = "geometry", "geometry\geometry.vcxproj", "{792573FD-BB48-4CCE-A0AA-80734D438179}"
EndProject
Project("{8BC9CEB8-8B4A-11D0-8D11-00A0C91BC942}") = "geometry_test", "geometry_test\geometry_test.vcxproj", "{281871A9-5D9C-4055-A904-E90C06CF2FAB}"
EndProject
Project("{8BC9CEB8-8B4A-11D0-8D11-00A0C91BC942}") = "memory_allocator", "memory_allocator\memory_allocator.vcxproj", "{059FFFD5-AEA1-4B5D-91E4-E94983C001B2}"
EndProject
Project("{8BC9CEB8-8B4A-11D0-8D11-00A0C91BC942}") = "memory_allocator_test", "memory_allocator_test\memory_allocator_test.vcxproj", "{85A092EF-75E7-4BE0-8164-03C5B4DE6B71}"
EndProject
Project("{8BC9CEB8-8B4A-11D0-8D11-00A0C91BC942}") = "model_converter", "model_converter\model_converter.vcxproj", "{AA44A153-FC6B-4487-B437-EBCBBEDDFC13}"
EndProject
Project("{8BC9CEB8-8B4A-11D0-8D11-00A0C91BC942}") = "model_converter_test", "model_converter_test\model_converter_test.vcxproj", "{FFAEBF7D-92FD-4F00-9A98-6BC45F1B93F8}"
EndProject
Project("{8BC9CEB8-8B4A-11D0-8D11-00A0C91BC942}") = "mono_asset_extension", "mono_asset_extension\mono_asset_extension.vcxproj", "{39F72A92-D7C2-41AC-8621-ECD0D8E795E6}"
EndProject
Project("{8BC9CEB8-8B4A-11D0-8D11-00A0C91BC942}") = "mono_asset_extension_test", "mono_asset_extension_test\mono_asset_extension_test.vcxproj", "{4CDA7EA2-B11D-408C-8D0B-129C2E24EF5F}"
EndProject
Project("{8BC9CEB8-8B4A-11D0-8D11-00A0C91BC942}") = "mono_asset_service", "mono_asset_service\mono_asset_service.vcxproj", "{1787A2AB-BF14-4EA4-A0B9-EB76CFE4B4E3}"
EndProject
Project("{8BC9CEB8-8B4A-11D0-8D11-00A0C91BC942}") = "mono_asset_service_test", "mono_asset_service_test\mono_asset_service_test.vcxproj", "{E21EA74A-0D72-480D-B3DB-D74F85DEF192}"
EndProject
Project("{8BC9CEB8-8B4A-11D0-8D11-00A0C91BC942}") = "mono_entity_archive_extension", "mono_entity_archive_extension\mono_entity_archive_extension.vcxproj", "{688E48AB-D56C-43E6-AD12-D9D14323381A}"
EndProject
Project("{8BC9CEB8-8B4A-11D0-8D11-00A0C91BC942}") = "mono_entity_archive_extension_test", "mono_entity_archive_extension_test\mono_entity_archive_extension_test.vcxproj", "{A09360B1-6300-45FC-8FCB-5D20FA7FA5CA}"
EndProject
Project("{8BC9CEB8-8B4A-11D0-8D11-00A0C91BC942}") = "mono_entity_archive_service", "mono_entity_archive_service\mono_entity_archive_service.vcxproj", "{63ED6F34-7F12-4CEB-8FF5-B80ABBD1449B}"
EndProject
Project("{8BC9CEB8-8B4A-11D0-8D11-00A0C91BC942}") = "mono_entity_archive_service_test", "mono_entity_archive_service_test\mono_entity_archive_service_test.vcxproj", "{801BC91A-4A25-47FB-AC36-6F8B88500DED}"
EndProject
Project("{8BC9CEB8-8B4A-11D0-8D11-00A0C91BC942}") = "mono_forge", "mono_forge\mono_forge.vcxproj", "{0FDC1CBD-5864-4004-919E-9A45C0BDCD5B}"
EndProject
Project("{8BC9CEB8-8B4A-11D0-8D11-00A0C91BC942}") = "mono_forge_model", "mono_forge_model\mono_forge_model.vcxproj", "{A937E5E3-9E11-4424-A13C-F0CF34BDD51F}"
EndProject
Project("{8BC9CEB8-8B4A-11D0-8D11-00A0C91BC942}") = "mono_forge_model_test", "mono_forge_model_test\mono_forge_model_test.vcxproj", "{0BC1A25C-FD47-4294-A025-912BCDA044A3}"
EndProject
Project("{8BC9CEB8-8B4A-11D0-8D11-00A0C91BC942}") = "mono_graphics_extension", "mono_graphics_extension\mono_graphics_extension.vcxproj", "{535A3933-D087-44DE-8E82-276F9A9D7AF7}"
EndProject
Project("{8BC9CEB8-8B4A-11D0-8D11-00A0C91BC942}") = "mono_graphics_extension_test", "mono_graphics_extension_test\mono_graphics_extension_test.vcxproj", "{9E7AE807-4480-4AE8-BA22-CA8E97CAA388}"
EndProject
Project("{8BC9CEB8-8B4A-11D0-8D11-00A0C91BC942}") = "mono_graphics_service", "mono_graphics_service\mono_graphics_service.vcxproj", "{DA1EBB52-646D-4740-943B-AC6F861910E3}"
EndProject
Project("{8BC9CEB8-8B4A-11D0-8D11-00A0C91BC942}") = "mono_graphics_service_test", "mono_graphics_service_test\mono_graphics_service_test.vcxproj", "{185EC1F5-4E19-4F9C-A900-8BBE0604B550}"
EndProject
Project("{8BC9CEB8-8B4A-11D0-8D11-00A0C91BC942}") = "mono_meta_extension", "mono_meta_extension\mono_meta_extension.vcxproj", "{FD6AD4DA-EA5E-4E50-8A3B-4B727C8FB44C}"
EndProject
Project("{8BC9CEB8-8B4A-11D0-8D11-00A0C91BC942}") = "mono_meta_extension_test", "mono_meta_extension_test\mono_meta_extension_test.vcxproj", "{6BF83480-0F3A-45EE-89A0-1BF74D0582A1}"
EndProject
Project("{8BC9CEB8-8B4A-11D0-8D11-00A0C91BC942}") = "mono_scene_extension", "mono_scene_extension\mono_scene_extension.vcxproj", "{F257755B-38F2-445D-AEC8-0E4A16B9098F}"
EndProject
Project("{8BC9CEB8-8B4A-11D0-8D11-00A0C91BC942}") = "mono_scene_extension_test", "mono_scene_extension_test\mono_scene_extension_test.vcxproj", "{59413FF3-8B6B-4746-B5A8-B78D38D99364}"
EndProject
Project("{8BC9CEB8-8B4A-11D0-8D11-00A0C91BC942}") = "mono_service", "mono_service\mono_service.vcxproj", "{29149287-2706-418E-9DDE-78BA59CDCA9E}"
EndProject
Project("{8BC9CEB8-8B4A-11D0-8D11-00A0C91BC942}") = "mono_service_test", "mono_service_test\mono_service_test.vcxproj", "{2B545E71-B689-49A9-A800-F87BA0D63747}"
EndProject
Project("{8BC9CEB8-8B4A-11D0-8D11-00A0C91BC942}") = "mono_transform_extension", "mono_transform_extension\mono_transform_extension.vcxproj", "{51867755-59A0-4E24-B903-0F2AB9E455E2}"
EndProject
Project("{8BC9CEB8-8B4A-11D0-8D11-00A0C91BC942}") = "mono_transform_extension_test", "mono_transform_extension_test\mono_transform_extension_test.vcxproj", "{5D1AEDA6-BE82-45BC-B708-E9F725B1AB8C}"
EndProject
Project("{8BC9CEB8-8B4A-11D0-8D11-00A0C91BC942}") = "mono_transform_service", "mono_transform_service\mono_transform_service.vcxproj", "{2F28A7A0-F984-4BA2-A3C2-82F1CE494446}"
EndProject
Project("{8BC9CEB8-8B4A-11D0-8D11-00A0C91BC942}") = "mono_transform_service_test", "mono_transform_service_test\mono_transform_service_test.vcxproj", "{0122F920-C019-4675-BEA4-906DFDFA358F}"
EndProject
Project("{8BC9CEB8-8B4A-11D0-8D11-00A0C91BC942}") = "mono_window_extension", "mono_window_extension\mono_window_extension.vcxproj", "{2BB4CD58-34FF-4CA0-A9DF-804DC879A26B}"
EndProject
Project("{8BC9CEB8-8B4A-11D0-8D11-00A0C91BC942}") = "mono_window_extension_test", "mono_window_extension_test\mono_window_extension_test.vcxproj", "{AEC3A072-E4E2-4B66-903E-4D086B2F3496}"
EndProject
Project("{8BC9CEB8-8B4A-11D0-8D11-00A0C91BC942}") = "mono_window_service", "mono_window_service\mono_window_service.vcxproj", "{6D159EF9-5C5E-4DEA-A517-00CC391B9808}"
EndProject
Project("{8BC9CEB8-8B4A-11D0-8D11-00A0C91BC942}") = "mono_window_service_test", "mono_window_service_test\mono_window_service_test.vcxproj", "{71D27206-093B-4D41-A8EC-5D5919F28AB6}"
EndProject
Project("{8BC9CEB8-8B4A-11D0-8D11-00A0C91BC942}") = "render_graph", "render_graph\render_graph.vcxproj", "{AED29B10-E8AF-4466-9999-3F9C70488988}"
EndProject
Project("{8BC9CEB8-8B4A-11D0-8D11-00A0C91BC942}") = "render_graph_test", "render_graph_test\render_graph_test.vcxproj", "{6C22D1BB-DA28-4E57-B8EC-852E88BDE80A}"
EndProject
Project("{8BC9CEB8-8B4A-11D0-8D11-00A0C91BC942}") = "template_gtest", "template_gtest\template_gtest.vcxproj", "{D7A64CE8-FA60-48B7-BCE0-4E4F4E63FB81}"
EndProject
Project("{8BC9CEB8-8B4A-11D0-8D11-00A0C91BC942}") = "template_project", "template_project\template_project.vcxproj", "{E7A57A1F-8FFB-41BE-9021-031D5D759CE1}"
EndProject
Project("{8BC9CEB8-8B4A-11D0-8D11-00A0C91BC942}") = "transform_evaluator", "transform_evaluator\transform_evaluator.vcxproj", "{E0F270D7-114F-4B73-BEE5-B3A190E9EAD4}"
EndProject
Project("{8BC9CEB8-8B4A-11D0-8D11-00A0C91BC942}") = "transform_evaluator_test", "transform_evaluator_test\transform_evaluator_test.vcxproj", "{A8715DBF-5DA2-494A-8361-668682BFF705}"
EndProject
Project("{8BC9CEB8-8B4A-11D0-8D11-00A0C91BC942}") = "window_provider", "window_provider\window_provider.vcxproj", "{4147BD78-450B-42C7-9A69-2824C2E600A1}"
EndProject
Project("{8BC9CEB8-8B4A-11D0-8D11-00A0C91BC942}") = "window_provider_test", "window_provider_test\window_provider_test.vcxproj", "{B10E4F84-0262-49F0-9A34-179CA72F3CEB}"
EndProject
Project("{8BC9CEB8-8B4A-11D0-8D11-00A0C91BC942}") = "imgui", "imgui\imgui.vcxproj", "{BD10F803-9175-4515-A7C3-BF79BE8DD61C}"
EndProject
Project("{8BC9CEB8-8B4A-11D0-8D11-00A0C91BC942}") = "material_editor", "material_editor\material_editor.vcxproj", "{B6FC0676-1192-4DB8-B719-849165C10995}"
EndProject
Project("{8BC9CEB8-8B4A-11D0-8D11-00A0C91BC942}") = "material_editor_test", "material_editor_test\material_editor_test.vcxproj", "{FB6332A5-E6DD-499A-8FE3-67E838802713}"
EndProject
Project("{8BC9CEB8-8B4A-11D0-8D11-00A0C91BC942}") = "mono_forge_app_template", "mono_forge_app_template\mono_forge_app_template.vcxproj", "{13EB85EE-AD91-4047-9AD1-A4592E8946FE}"
EndProject
Global
	GlobalSection(SolutionConfigurationPlatforms) = preSolution
		Debug|x64 = Debug|x64
		Debug|x86 = Debug|x86
		Profile|x64 = Profile|x64
		Profile|x86 = Profile|x86
		Release|x64 = Release|x64
		Release|x86 = Release|x86
	EndGlobalSection
	GlobalSection(ProjectConfigurationPlatforms) = postSolution
		{7F5F951A-757E-4062-8317-B68DC9E0E784}.Debug|x64.ActiveCfg = Debug|x64
		{7F5F951A-757E-4062-8317-B68DC9E0E784}.Debug|x64.Build.0 = Debug|x64
		{7F5F951A-757E-4062-8317-B68DC9E0E784}.Debug|x86.ActiveCfg = Debug|Win32
		{7F5F951A-757E-4062-8317-B68DC9E0E784}.Debug|x86.Build.0 = Debug|Win32
		{7F5F951A-757E-4062-8317-B68DC9E0E784}.Profile|x64.ActiveCfg = Profile|x64
		{7F5F951A-757E-4062-8317-B68DC9E0E784}.Profile|x64.Build.0 = Profile|x64
		{7F5F951A-757E-4062-8317-B68DC9E0E784}.Profile|x86.ActiveCfg = Profile|Win32
		{7F5F951A-757E-4062-8317-B68DC9E0E784}.Profile|x86.Build.0 = Profile|Win32
		{7F5F951A-757E-4062-8317-B68DC9E0E784}.Release|x64.ActiveCfg = Release|x64
		{7F5F951A-757E-4062-8317-B68DC9E0E784}.Release|x64.Build.0 = Release|x64
		{7F5F951A-757E-4062-8317-B68DC9E0E784}.Release|x86.ActiveCfg = Release|Win32
		{7F5F951A-757E-4062-8317-B68DC9E0E784}.Release|x86.Build.0 = Release|Win32
		{BE2339E0-DCC3-4BBD-A482-45C88FEC5F77}.Debug|x64.ActiveCfg = Debug|x64
		{BE2339E0-DCC3-4BBD-A482-45C88FEC5F77}.Debug|x64.Build.0 = Debug|x64
		{BE2339E0-DCC3-4BBD-A482-45C88FEC5F77}.Debug|x86.ActiveCfg = Debug|Win32
		{BE2339E0-DCC3-4BBD-A482-45C88FEC5F77}.Debug|x86.Build.0 = Debug|Win32
		{BE2339E0-DCC3-4BBD-A482-45C88FEC5F77}.Profile|x64.ActiveCfg = Profile|x64
		{BE2339E0-DCC3-4BBD-A482-45C88FEC5F77}.Profile|x64.Build.0 = Profile|x64
		{BE2339E0-DCC3-4BBD-A482-45C88FEC5F77}.Profile|x86.ActiveCfg = Profile|Win32
		{BE2339E0-DCC3-4BBD-A482-45C88FEC5F77}.Profile|x86.Build.0 = Profile|Win32
		{BE2339E0-DCC3-4BBD-A482-45C88FEC5F77}.Release|x64.ActiveCfg = Release|x64
		{BE2339E0-DCC3-4BBD-A482-45C88FEC5F77}.Release|x64.Build.0 = Release|x64
		{BE2339E0-DCC3-4BBD-A482-45C88FEC5F77}.Release|x86.ActiveCfg = Release|Win32
		{BE2339E0-DCC3-4BBD-A482-45C88FEC5F77}.Release|x86.Build.0 = Release|Win32
		{65C8B479-6DDF-448C-9795-401B0D407F33}.Debug|x64.ActiveCfg = Debug|x64
		{65C8B479-6DDF-448C-9795-401B0D407F33}.Debug|x64.Build.0 = Debug|x64
		{65C8B479-6DDF-448C-9795-401B0D407F33}.Debug|x86.ActiveCfg = Debug|Win32
		{65C8B479-6DDF-448C-9795-401B0D407F33}.Debug|x86.Build.0 = Debug|Win32
		{65C8B479-6DDF-448C-9795-401B0D407F33}.Profile|x64.ActiveCfg = Profile|x64
		{65C8B479-6DDF-448C-9795-401B0D407F33}.Profile|x64.Build.0 = Profile|x64
		{65C8B479-6DDF-448C-9795-401B0D407F33}.Profile|x86.ActiveCfg = Profile|Win32
		{65C8B479-6DDF-448C-9795-401B0D407F33}.Profile|x86.Build.0 = Profile|Win32
		{65C8B479-6DDF-448C-9795-401B0D407F33}.Release|x64.ActiveCfg = Release|x64
		{65C8B479-6DDF-448C-9795-401B0D407F33}.Release|x64.Build.0 = Release|x64
		{65C8B479-6DDF-448C-9795-401B0D407F33}.Release|x86.ActiveCfg = Release|Win32
		{65C8B479-6DDF-448C-9795-401B0D407F33}.Release|x86.Build.0 = Release|Win32
		{A1B96586-F503-4173-8B6F-F5C10A0791DC}.Debug|x64.ActiveCfg = Debug|x64
		{A1B96586-F503-4173-8B6F-F5C10A0791DC}.Debug|x64.Build.0 = Debug|x64
		{A1B96586-F503-4173-8B6F-F5C10A0791DC}.Debug|x86.ActiveCfg = Debug|Win32
		{A1B96586-F503-4173-8B6F-F5C10A0791DC}.Debug|x86.Build.0 = Debug|Win32
		{A1B96586-F503-4173-8B6F-F5C10A0791DC}.Profile|x64.ActiveCfg = Profile|x64
		{A1B96586-F503-4173-8B6F-F5C10A0791DC}.Profile|x64.Build.0 = Profile|x64
		{A1B96586-F503-4173-8B6F-F5C10A0791DC}.Profile|x86.ActiveCfg = Profile|Win32
		{A1B96586-F503-4173-8B6F-F5C10A0791DC}.Profile|x86.Build.0 = Profile|Win32
		{A1B96586-F503-4173-8B6F-F5C10A0791DC}.Release|x64.ActiveCfg = Release|x64
		{A1B96586-F503-4173-8B6F-F5C10A0791DC}.Release|x64.Build.0 = Release|x64
		{A1B96586-F503-4173-8B6F-F5C10A0791DC}.Release|x86.ActiveCfg = Release|Win32
		{A1B96586-F503-4173-8B6F-F5C10A0791DC}.Release|x86.Build.0 = Release|Win32
		{B1786858-C5A8-488E-B726-66C0FC56519B}.Debug|x64.ActiveCfg = Debug|x64
		{B1786858-C5A8-488E-B726-66C0FC56519B}.Debug|x64.Build.0 = Debug|x64
		{B1786858-C5A8-488E-B726-66C0FC56519B}.Debug|x86.ActiveCfg = Debug|Win32
		{B1786858-C5A8-488E-B726-66C0FC56519B}.Debug|x86.Build.0 = Debug|Win32
		{B1786858-C5A8-488E-B726-66C0FC56519B}.Profile|x64.ActiveCfg = Profile|x64
		{B1786858-C5A8-488E-B726-66C0FC56519B}.Profile|x64.Build.0 = Profile|x64
		{B1786858-C5A8-488E-B726-66C0FC56519B}.Profile|x86.ActiveCfg = Profile|Win32
		{B1786858-C5A8-488E-B726-66C0FC56519B}.Profile|x86.Build.0 = Profile|Win32
		{B1786858-C5A8-488E-B726-66C0FC56519B}.Release|x64.ActiveCfg = Release|x64
		{B1786858-C5A8-488E-B726-66C0FC56519B}.Release|x64.Build.0 = Release|x64
		{B1786858-C5A8-488E-B726-66C0FC56519B}.Release|x86.ActiveCfg = Release|Win32
		{B1786858-C5A8-488E-B726-66C0FC56519B}.Release|x86.Build.0 = Release|Win32
		{C50061C9-1439-46BF-B05B-56564F79E816}.Debug|x64.ActiveCfg = Debug|x64
		{C50061C9-1439-46BF-B05B-56564F79E816}.Debug|x64.Build.0 = Debug|x64
		{C50061C9-1439-46BF-B05B-56564F79E816}.Debug|x86.ActiveCfg = Debug|Win32
		{C50061C9-1439-46BF-B05B-56564F79E816}.Debug|x86.Build.0 = Debug|Win32
		{C50061C9-1439-46BF-B05B-56564F79E816}.Profile|x64.ActiveCfg = Profile|x64
		{C50061C9-1439-46BF-B05B-56564F79E816}.Profile|x64.Build.0 = Profile|x64
		{C50061C9-1439-46BF-B05B-56564F79E816}.Profile|x86.ActiveCfg = Profile|Win32
		{C50061C9-1439-46BF-B05B-56564F79E816}.Profile|x86.Build.0 = Profile|Win32
		{C50061C9-1439-46BF-B05B-56564F79E816}.Release|x64.ActiveCfg = Release|x64
		{C50061C9-1439-46BF-B05B-56564F79E816}.Release|x64.Build.0 = Release|x64
		{C50061C9-1439-46BF-B05B-56564F79E816}.Release|x86.ActiveCfg = Release|Win32
		{C50061C9-1439-46BF-B05B-56564F79E816}.Release|x86.Build.0 = Release|Win32
		{DC344D2D-D679-4F47-81B4-245CC6AB54E8}.Debug|x64.ActiveCfg = Debug|x64
		{DC344D2D-D679-4F47-81B4-245CC6AB54E8}.Debug|x64.Build.0 = Debug|x64
		{DC344D2D-D679-4F47-81B4-245CC6AB54E8}.Debug|x86.ActiveCfg = Debug|Win32
		{DC344D2D-D679-4F47-81B4-245CC6AB54E8}.Debug|x86.Build.0 = Debug|Win32
		{DC344D2D-D679-4F47-81B4-245CC6AB54E8}.Profile|x64.ActiveCfg = Profile|x64
		{DC344D2D-D679-4F47-81B4-245CC6AB54E8}.Profile|x64.Build.0 = Profile|x64
		{DC344D2D-D679-4F47-81B4-245CC6AB54E8}.Profile|x86.ActiveCfg = Profile|Win32
		{DC344D2D-D679-4F47-81B4-245CC6AB54E8}.Profile|x86.Build.0 = Profile|Win32
		{DC344D2D-D679-4F47-81B4-245CC6AB54E8}.Release|x64.ActiveCfg = Release|x64
		{DC344D2D-D679-4F47-81B4-245CC6AB54E8}.Release|x64.Build.0 = Release|x64
		{DC344D2D-D679-4F47-81B4-245CC6AB54E8}.Release|x86.ActiveCfg = Release|Win32
		{DC344D2D-D679-4F47-81B4-245CC6AB54E8}.Release|x86.Build.0 = Release|Win32
		{7486DB09-DE8E-4CC4-81E0-C0B3E111AA18}.Debug|x64.ActiveCfg = Debug|x64
		{7486DB09-DE8E-4CC4-81E0-C0B3E111AA18}.Debug|x64.Build.0 = Debug|x64
		{7486DB09-DE8E-4CC4-81E0-C0B3E111AA18}.Debug|x86.ActiveCfg = Debug|Win32
		{7486DB09-DE8E-4CC4-81E0-C0B3E111AA18}.Debug|x86.Build.0 = Debug|Win32
		{7486DB09-DE8E-4CC4-81E0-C0B3E111AA18}.Profile|x64.ActiveCfg = Profile|x64
		{7486DB09-DE8E-4CC4-81E0-C0B3E111AA18}.Profile|x64.Build.0 = Profile|x64
		{7486DB09-DE8E-4CC4-81E0-C0B3E111AA18}.Profile|x86.ActiveCfg = Profile|Win32
		{7486DB09-DE8E-4CC4-81E0-C0B3E111AA18}.Profile|x86.Build.0 = Profile|Win32
		{7486DB09-DE8E-4CC4-81E0-C0B3E111AA18}.Release|x64.ActiveCfg = Release|x64
		{7486DB09-DE8E-4CC4-81E0-C0B3E111AA18}.Release|x64.Build.0 = Release|x64
		{7486DB09-DE8E-4CC4-81E0-C0B3E111AA18}.Release|x86.ActiveCfg = Release|Win32
		{7486DB09-DE8E-4CC4-81E0-C0B3E111AA18}.Release|x86.Build.0 = Release|Win32
		{792573FD-BB48-4CCE-A0AA-80734D438179}.Debug|x64.ActiveCfg = Debug|x64
		{792573FD-BB48-4CCE-A0AA-80734D438179}.Debug|x64.Build.0 = Debug|x64
		{792573FD-BB48-4CCE-A0AA-80734D438179}.Debug|x86.ActiveCfg = Debug|Win32
		{792573FD-BB48-4CCE-A0AA-80734D438179}.Debug|x86.Build.0 = Debug|Win32
		{792573FD-BB48-4CCE-A0AA-80734D438179}.Profile|x64.ActiveCfg = Profile|x64
		{792573FD-BB48-4CCE-A0AA-80734D438179}.Profile|x64.Build.0 = Profile|x64
		{792573FD-BB48-4CCE-A0AA-80734D438179}.Profile|x86.ActiveCfg = Profile|Win32
		{792573FD-BB48-4CCE-A0AA-80734D438179}.Profile|x86.Build.0 = Profile|Win32
		{792573FD-BB48-4CCE-A0AA-80734D438179}.Release|x64.ActiveCfg = Release|x64
		{792573FD-BB48-4CCE-A0AA-80734D438179}.Release|x64.Build.0 = Release|x64
		{792573FD-BB48-4CCE-A0AA-80734D438179}.Release|x86.ActiveCfg = Release|Win32
		{792573FD-BB48-4CCE-A0AA-80734D438179}.Release|x86.Build.0 = Release|Win32
		{281871A9-5D9C-4055-A904-E90C06CF2FAB}.Debug|x64.ActiveCfg = Debug|x64
		{281871A9-5D9C-4055-A904-E90C06CF2FAB}.Debug|x64.Build.0 = Debug|x64
		{281871A9-5D9C-4055-A904-E90C06CF2FAB}.Debug|x86.ActiveCfg = Debug|Win32
		{281871A9-5D9C-4055-A904-E90C06CF2FAB}.Debug|x86.Build.0 = Debug|Win32
		{281871A9-5D9C-4055-A904-E90C06CF2FAB}.Profile|x64.ActiveCfg = Profile|x64
		{281871A9-5D9C-4055-A904-E90C06CF2FAB}.Profile|x64.Build.0 = Profile|x64
		{281871A9-5D9C-4055-A904-E90C06CF2FAB}.Profile|x86.ActiveCfg = Profile|Win32
		{281871A9-5D9C-4055-A904-E90C06CF2FAB}.Profile|x86.Build.0 = Profile|Win32
		{281871A9-5D9C-4055-A904-E90C06CF2FAB}.Release|x64.ActiveCfg = Release|x64
		{281871A9-5D9C-4055-A904-E90C06CF2FAB}.Release|x64.Build.0 = Release|x64
		{281871A9-5D9C-4055-A904-E90C06CF2FAB}.Release|x86.ActiveCfg = Release|Win32
		{281871A9-5D9C-4055-A904-E90C06CF2FAB}.Release|x86.Build.0 = Release|Win32
		{059FFFD5-AEA1-4B5D-91E4-E94983C001B2}.Debug|x64.ActiveCfg = Debug|x64
		{059FFFD5-AEA1-4B5D-91E4-E94983C001B2}.Debug|x64.Build.0 = Debug|x64
		{059FFFD5-AEA1-4B5D-91E4-E94983C001B2}.Debug|x86.ActiveCfg = Debug|Win32
		{059FFFD5-AEA1-4B5D-91E4-E94983C001B2}.Debug|x86.Build.0 = Debug|Win32
		{059FFFD5-AEA1-4B5D-91E4-E94983C001B2}.Profile|x64.ActiveCfg = Profile|x64
		{059FFFD5-AEA1-4B5D-91E4-E94983C001B2}.Profile|x64.Build.0 = Profile|x64
		{059FFFD5-AEA1-4B5D-91E4-E94983C001B2}.Profile|x86.ActiveCfg = Profile|Win32
		{059FFFD5-AEA1-4B5D-91E4-E94983C001B2}.Profile|x86.Build.0 = Profile|Win32
		{059FFFD5-AEA1-4B5D-91E4-E94983C001B2}.Release|x64.ActiveCfg = Release|x64
		{059FFFD5-AEA1-4B5D-91E4-E94983C001B2}.Release|x64.Build.0 = Release|x64
		{059FFFD5-AEA1-4B5D-91E4-E94983C001B2}.Release|x86.ActiveCfg = Release|Win32
		{059FFFD5-AEA1-4B5D-91E4-E94983C001B2}.Release|x86.Build.0 = Release|Win32
		{85A092EF-75E7-4BE0-8164-03C5B4DE6B71}.Debug|x64.ActiveCfg = Debug|x64
		{85A092EF-75E7-4BE0-8164-03C5B4DE6B71}.Debug|x64.Build.0 = Debug|x64
		{85A092EF-75E7-4BE0-8164-03C5B4DE6B71}.Debug|x86.ActiveCfg = Debug|Win32
		{85A092EF-75E7-4BE0-8164-03C5B4DE6B71}.Debug|x86.Build.0 = Debug|Win32
		{85A092EF-75E7-4BE0-8164-03C5B4DE6B71}.Profile|x64.ActiveCfg = Profile|x64
		{85A092EF-75E7-4BE0-8164-03C5B4DE6B71}.Profile|x64.Build.0 = Profile|x64
		{85A092EF-75E7-4BE0-8164-03C5B4DE6B71}.Profile|x86.ActiveCfg = Profile|Win32
		{85A092EF-75E7-4BE0-8164-03C5B4DE6B71}.Profile|x86.Build.0 = Profile|Win32
		{85A092EF-75E7-4BE0-8164-03C5B4DE6B71}.Release|x64.ActiveCfg = Release|x64
		{85A092EF-75E7-4BE0-8164-03C5B4DE6B71}.Release|x64.Build.0 = Release|x64
		{85A092EF-75E7-4BE0-8164-03C5B4DE6B71}.Release|x86.ActiveCfg = Release|Win32
		{85A092EF-75E7-4BE0-8164-03C5B4DE6B71}.Release|x86.Build.0 = Release|Win32
		{AA44A153-FC6B-4487-B437-EBCBBEDDFC13}.Debug|x64.ActiveCfg = Debug|x64
		{AA44A153-FC6B-4487-B437-EBCBBEDDFC13}.Debug|x64.Build.0 = Debug|x64
		{AA44A153-FC6B-4487-B437-EBCBBEDDFC13}.Debug|x86.ActiveCfg = Debug|Win32
		{AA44A153-FC6B-4487-B437-EBCBBEDDFC13}.Debug|x86.Build.0 = Debug|Win32
		{AA44A153-FC6B-4487-B437-EBCBBEDDFC13}.Profile|x64.ActiveCfg = Profile|x64
		{AA44A153-FC6B-4487-B437-EBCBBEDDFC13}.Profile|x64.Build.0 = Profile|x64
		{AA44A153-FC6B-4487-B437-EBCBBEDDFC13}.Profile|x86.ActiveCfg = Profile|Win32
		{AA44A153-FC6B-4487-B437-EBCBBEDDFC13}.Profile|x86.Build.0 = Profile|Win32
		{AA44A153-FC6B-4487-B437-EBCBBEDDFC13}.Release|x64.ActiveCfg = Release|x64
		{AA44A153-FC6B-4487-B437-EBCBBEDDFC13}.Release|x64.Build.0 = Release|x64
		{AA44A153-FC6B-4487-B437-EBCBBEDDFC13}.Release|x86.ActiveCfg = Release|Win32
		{AA44A153-FC6B-4487-B437-EBCBBEDDFC13}.Release|x86.Build.0 = Release|Win32
		{FFAEBF7D-92FD-4F00-9A98-6BC45F1B93F8}.Debug|x64.ActiveCfg = Debug|x64
		{FFAEBF7D-92FD-4F00-9A98-6BC45F1B93F8}.Debug|x64.Build.0 = Debug|x64
		{FFAEBF7D-92FD-4F00-9A98-6BC45F1B93F8}.Debug|x86.ActiveCfg = Debug|Win32
		{FFAEBF7D-92FD-4F00-9A98-6BC45F1B93F8}.Debug|x86.Build.0 = Debug|Win32
		{FFAEBF7D-92FD-4F00-9A98-6BC45F1B93F8}.Profile|x64.ActiveCfg = Profile|x64
		{FFAEBF7D-92FD-4F00-9A98-6BC45F1B93F8}.Profile|x64.Build.0 = Profile|x64
		{FFAEBF7D-92FD-4F00-9A98-6BC45F1B93F8}.Profile|x86.ActiveCfg = Profile|Win32
		{FFAEBF7D-92FD-4F00-9A98-6BC45F1B93F8}.Profile|x86.Build.0 = Profile|Win32
		{FFAEBF7D-92FD-4F00-9A98-6BC45F1B93F8}.Release|x64.ActiveCfg = Release|x64
		{FFAEBF7D-92FD-4F00-9A98-6BC45F1B93F8}.Release|x64.Build.0 = Release|x64
		{FFAEBF7D-92FD-4F00-9A98-6BC45F1B93F8}.Release|x86.ActiveCfg = Release|Win32
		{FFAEBF7D-92FD-4F00-9A98-6BC45F1B93F8}.Release|x86.Build.0 = Release|Win32
		{39F72A92-D7C2-41AC-8621-ECD0D8E795E6}.Debug|x64.ActiveCfg = Debug|x64
		{39F72A92-D7C2-41AC-8621-ECD0D8E795E6}.Debug|x64.Build.0 = Debug|x64
		{39F72A92-D7C2-41AC-8621-ECD0D8E795E6}.Debug|x86.ActiveCfg = Debug|Win32
		{39F72A92-D7C2-41AC-8621-ECD0D8E795E6}.Debug|x86.Build.0 = Debug|Win32
		{39F72A92-D7C2-41AC-8621-ECD0D8E795E6}.Profile|x64.ActiveCfg = Profile|x64
		{39F72A92-D7C2-41AC-8621-ECD0D8E795E6}.Profile|x64.Build.0 = Profile|x64
		{39F72A92-D7C2-41AC-8621-ECD0D8E795E6}.Profile|x86.ActiveCfg = Profile|Win32
		{39F72A92-D7C2-41AC-8621-ECD0D8E795E6}.Profile|x86.Build.0 = Profile|Win32
		{39F72A92-D7C2-41AC-8621-ECD0D8E795E6}.Release|x64.ActiveCfg = Release|x64
		{39F72A92-D7C2-41AC-8621-ECD0D8E795E6}.Release|x64.Build.0 = Release|x64
		{39F72A92-D7C2-41AC-8621-ECD0D8E795E6}.Release|x86.ActiveCfg = Release|Win32
		{39F72A92-D7C2-41AC-8621-ECD0D8E795E6}.Release|x86.Build.0 = Release|Win32
		{4CDA7EA2-B11D-408C-8D0B-129C2E24EF5F}.Debug|x64.ActiveCfg = Debug|x64
		{4CDA7EA2-B11D-408C-8D0B-129C2E24EF5F}.Debug|x64.Build.0 = Debug|x64
		{4CDA7EA2-B11D-408C-8D0B-129C2E24EF5F}.Debug|x86.ActiveCfg = Debug|Win32
		{4CDA7EA2-B11D-408C-8D0B-129C2E24EF5F}.Debug|x86.Build.0 = Debug|Win32
		{4CDA7EA2-B11D-408C-8D0B-129C2E24EF5F}.Profile|x64.ActiveCfg = Profile|x64
		{4CDA7EA2-B11D-408C-8D0B-129C2E24EF5F}.Profile|x64.Build.0 = Profile|x64
		{4CDA7EA2-B11D-408C-8D0B-129C2E24EF5F}.Profile|x86.ActiveCfg = Profile|Win32
		{4CDA7EA2-B11D-408C-8D0B-129C2E24EF5F}.Profile|x86.Build.0 = Profile|Win32
		{4CDA7EA2-B11D-408C-8D0B-129C2E24EF5F}.Release|x64.ActiveCfg = Release|x64
		{4CDA7EA2-B11D-408C-8D0B-129C2E24EF5F}.Release|x64.Build.0 = Release|x64
		{4CDA7EA2-B11D-408C-8D0B-129C2E24EF5F}.Release|x86.ActiveCfg = Release|Win32
		{4CDA7EA2-B11D-408C-8D0B-129C2E24EF5F}.Release|x86.Build.0 = Release|Win32
		{1787A2AB-BF14-4EA4-A0B9-EB76CFE4B4E3}.Debug|x64.ActiveCfg = Debug|x64
		{1787A2AB-BF14-4EA4-A0B9-EB76CFE4B4E3}.Debug|x64.Build.0 = Debug|x64
		{1787A2AB-BF14-4EA4-A0B9-EB76CFE4B4E3}.Debug|x86.ActiveCfg = Debug|Win32
		{1787A2AB-BF14-4EA4-A0B9-EB76CFE4B4E3}.Debug|x86.Build.0 = Debug|Win32
		{1787A2AB-BF14-4EA4-A0B9-EB76CFE4B4E3}.Profile|x64.ActiveCfg = Profile|x64
		{1787A2AB-BF14-4EA4-A0B9-EB76CFE4B4E3}.Profile|x64.Build.0 = Profile|x64
		{1787A2AB-BF14-4EA4-A0B9-EB76CFE4B4E3}.Profile|x86.ActiveCfg = Profile|Win32
		{1787A2AB-BF14-4EA4-A0B9-EB76CFE4B4E3}.Profile|x86.Build.0 = Profile|Win32
		{1787A2AB-BF14-4EA4-A0B9-EB76CFE4B4E3}.Release|x64.ActiveCfg = Release|x64
		{1787A2AB-BF14-4EA4-A0B9-EB76CFE4B4E3}.Release|x64.Build.0 = Release|x64
		{1787A2AB-BF14-4EA4-A0B9-EB76CFE4B4E3}.Release|x86.ActiveCfg = Release|Win32
		{1787A2AB-BF14-4EA4-A0B9-EB76CFE4B4E3}.Release|x86.Build.0 = Release|Win32
		{E21EA74A-0D72-480D-B3DB-D74F85DEF192}.Debug|x64.ActiveCfg = Debug|x64
		{E21EA74A-0D72-480D-B3DB-D74F85DEF192}.Debug|x64.Build.0 = Debug|x64
		{E21EA74A-0D72-480D-B3DB-D74F85DEF192}.Debug|x86.ActiveCfg = Debug|Win32
		{E21EA74A-0D72-480D-B3DB-D74F85DEF192}.Debug|x86.Build.0 = Debug|Win32
		{E21EA74A-0D72-480D-B3DB-D74F85DEF192}.Profile|x64.ActiveCfg = Profile|x64
		{E21EA74A-0D72-480D-B3DB-D74F85DEF192}.Profile|x64.Build.0 = Profile|x64
		{E21EA74A-0D72-480D-B3DB-D74F85DEF192}.Profile|x86.ActiveCfg = Profile|Win32
		{E21EA74A-0D72-480D-B3DB-D74F85DEF192}.Profile|x86.Build.0 = Profile|Win32
		{E21EA74A-0D72-480D-B3DB-D74F85DEF192}.Release|x64.ActiveCfg = Release|x64
		{E21EA74A-0D72-480D-B3DB-D74F85DEF192}.Release|x64.Build.0 = Release|x64
		{E21EA74A-0D72-480D-B3DB-D74F85DEF192}.Release|x86.ActiveCfg = Release|Win32
		{E21EA74A-0D72-480D-B3DB-D74F85DEF192}.Release|x86.Build.0 = Release|Win32
		{688E48AB-D56C-43E6-AD12-D9D14323381A}.Debug|x64.ActiveCfg = Debug|x64
		{688E48AB-D56C-43E6-AD12-D9D14323381A}.Debug|x64.Build.0 = Debug|x64
		{688E48AB-D56C-43E6-AD12-D9D14323381A}.Debug|x86.ActiveCfg = Debug|Win32
		{688E48AB-D56C-43E6-AD12-D9D14323381A}.Debug|x86.Build.0 = Debug|Win32
		{688E48AB-D56C-43E6-AD12-D9D14323381A}.Profile|x64.ActiveCfg = Profile|x64
		{688E48AB-D56C-43E6-AD12-D9D14323381A}.Profile|x64.Build.0 = Profile|x64
		{688E48AB-D56C-43E6-AD12-D9D14323381A}.Profile|x86.ActiveCfg = Profile|Win32
		{688E48AB-D56C-43E6-AD12-D9D14323381A}.Profile|x86.Build.0 = Profile|Win32
		{688E48AB-D56C-43E6-AD12-D9D14323381A}.Release|x64.ActiveCfg = Release|x64
		{688E48AB-D56C-43E6-AD12-D9D14323381A}.Release|x64.Build.0 = Release|x64
		{688E48AB-D56C-43E6-AD12-D9D14323381A}.Release|x86.ActiveCfg = Release|Win32
		{688E48AB-D56C-43E6-AD12-D9D14323381A}.Release|x86.Build.0 = Release|Win32
		{A09360B1-6300-45FC-8FCB-5D20FA7FA5CA}.Debug|x64.ActiveCfg = Debug|x64
		{A09360B1-6300-45FC-8FCB-5D20FA7FA5CA}.Debug|x64.Build.0 = Debug|x64
		{A09360B1-6300-45FC-8FCB-5D20FA7FA5CA}.Debug|x86.ActiveCfg = Debug|Win32
		{A09360B1-6300-45FC-8FCB-5D20FA7FA5CA}.Debug|x86.Build.0 = Debug|Win32
		{A09360B1-6300-45FC-8FCB-5D20FA7FA5CA}.Profile|x64.ActiveCfg = Profile|x64
		{A09360B1-6300-45FC-8FCB-5D20FA7FA5CA}.Profile|x64.Build.0 = Profile|x64
		{A09360B1-6300-45FC-8FCB-5D20FA7FA5CA}.Profile|x86.ActiveCfg = Profile|Win32
		{A09360B1-6300-45FC-8FCB-5D20FA7FA5CA}.Profile|x86.Build.0 = Profile|Win32
		{A09360B1-6300-45FC-8FCB-5D20FA7FA5CA}.Release|x64.ActiveCfg = Release|x64
		{A09360B1-6300-45FC-8FCB-5D20FA7FA5CA}.Release|x64.Build.0 = Release|x64
		{A09360B1-6300-45FC-8FCB-5D20FA7FA5CA}.Release|x86.ActiveCfg = Release|Win32
		{A09360B1-6300-45FC-8FCB-5D20FA7FA5CA}.Release|x86.Build.0 = Release|Win32
		{63ED6F34-7F12-4CEB-8FF5-B80ABBD1449B}.Debug|x64.ActiveCfg = Debug|x64
		{63ED6F34-7F12-4CEB-8FF5-B80ABBD1449B}.Debug|x64.Build.0 = Debug|x64
		{63ED6F34-7F12-4CEB-8FF5-B80ABBD1449B}.Debug|x86.ActiveCfg = Debug|Win32
		{63ED6F34-7F12-4CEB-8FF5-B80ABBD1449B}.Debug|x86.Build.0 = Debug|Win32
		{63ED6F34-7F12-4CEB-8FF5-B80ABBD1449B}.Profile|x64.ActiveCfg = Profile|x64
		{63ED6F34-7F12-4CEB-8FF5-B80ABBD1449B}.Profile|x64.Build.0 = Profile|x64
		{63ED6F34-7F12-4CEB-8FF5-B80ABBD1449B}.Profile|x86.ActiveCfg = Profile|Win32
		{63ED6F34-7F12-4CEB-8FF5-B80ABBD1449B}.Profile|x86.Build.0 = Profile|Win32
		{63ED6F34-7F12-4CEB-8FF5-B80ABBD1449B}.Release|x64.ActiveCfg = Release|x64
		{63ED6F34-7F12-4CEB-8FF5-B80ABBD1449B}.Release|x64.Build.0 = Release|x64
		{63ED6F34-7F12-4CEB-8FF5-B80ABBD1449B}.Release|x86.ActiveCfg = Release|Win32
		{63ED6F34-7F12-4CEB-8FF5-B80ABBD1449B}.Release|x86.Build.0 = Release|Win32
		{801BC91A-4A25-47FB-AC36-6F8B88500DED}.Debug|x64.ActiveCfg = Debug|x64
		{801BC91A-4A25-47FB-AC36-6F8B88500DED}.Debug|x64.Build.0 = Debug|x64
		{801BC91A-4A25-47FB-AC36-6F8B88500DED}.Debug|x86.ActiveCfg = Debug|Win32
		{801BC91A-4A25-47FB-AC36-6F8B88500DED}.Debug|x86.Build.0 = Debug|Win32
		{801BC91A-4A25-47FB-AC36-6F8B88500DED}.Profile|x64.ActiveCfg = Profile|x64
		{801BC91A-4A25-47FB-AC36-6F8B88500DED}.Profile|x64.Build.0 = Profile|x64
		{801BC91A-4A25-47FB-AC36-6F8B88500DED}.Profile|x86.ActiveCfg = Profile|Win32
		{801BC91A-4A25-47FB-AC36-6F8B88500DED}.Profile|x86.Build.0 = Profile|Win32
		{801BC91A-4A25-47FB-AC36-6F8B88500DED}.Release|x64.ActiveCfg = Release|x64
		{801BC91A-4A25-47FB-AC36-6F8B88500DED}.Release|x64.Build.0 = Release|x64
		{801BC91A-4A25-47FB-AC36-6F8B88500DED}.Release|x86.ActiveCfg = Release|Win32
		{801BC91A-4A25-47FB-AC36-6F8B88500DED}.Release|x86.Build.0 = Release|Win32
		{0FDC1CBD-5864-4004-919E-9A45C0BDCD5B}.Debug|x64.ActiveCfg = Debug|x64
		{0FDC1CBD-5864-4004-919E-9A45C0BDCD5B}.Debug|x64.Build.0 = Debug|x64
		{0FDC1CBD-5864-4004-919E-9A45C0BDCD5B}.Debug|x86.ActiveCfg = Debug|Win32
		{0FDC1CBD-5864-4004-919E-9A45C0BDCD5B}.Debug|x86.Build.0 = Debug|Win32
		{0FDC1CBD-5864-4004-919E-9A45C0BDCD5B}.Profile|x64.ActiveCfg = Profile|x64
		{0FDC1CBD-5864-4004-919E-9A45C0BDCD5B}.Profile|x64.Build.0 = Profile|x64
		{0FDC1CBD-5864-4004-919E-9A45C0BDCD5B}.Profile|x86.ActiveCfg = Profile|Win32
		{0FDC1CBD-5864-4004-919E-9A45C0BDCD5B}.Profile|x86.Build.0 = Profile|Win32
		{0FDC1CBD-5864-4004-919E-9A45C0BDCD5B}.Release|x64.ActiveCfg = Release|x64
		{0FDC1CBD-5864-4004-919E-9A45C0BDCD5B}.Release|x64.Build.0 = Release|x64
		{0FDC1CBD-5864-4004-919E-9A45C0BDCD5B}.Release|x86.ActiveCfg = Release|Win32
		{0FDC1CBD-5864-4004-919E-9A45C0BDCD5B}.Release|x86.Build.0 = Release|Win32
		{A937E5E3-9E11-4424-A13C-F0CF34BDD51F}.Debug|x64.ActiveCfg = Debug|x64
		{A937E5E3-9E11-4424-A13C-F0CF34BDD51F}.Debug|x64.Build.0 = Debug|x64
		{A937E5E3-9E11-4424-A13C-F0CF34BDD51F}.Debug|x86.ActiveCfg = Debug|Win32
		{A937E5E3-9E11-4424-A13C-F0CF34BDD51F}.Debug|x86.Build.0 = Debug|Win32
		{A937E5E3-9E11-4424-A13C-F0CF34BDD51F}.Profile|x64.ActiveCfg = Profile|x64
		{A937E5E3-9E11-4424-A13C-F0CF34BDD51F}.Profile|x64.Build.0 = Profile|x64
		{A937E5E3-9E11-4424-A13C-F0CF34BDD51F}.Profile|x86.ActiveCfg = Profile|Win32
		{A937E5E3-9E11-4424-A13C-F0CF34BDD51F}.Profile|x86.Build.0 = Profile|Win32
		{A937E5E3-9E11-4424-A13C-F0CF34BDD51F}.Release|x64.ActiveCfg = Release|x64
		{A937E5E3-9E11-4424-A13C-F0CF34BDD51F}.Release|x64.Build.0 = Release|x64
		{A937E5E3-9E11-4424-A13C-F0CF34BDD51F}.Release|x86.ActiveCfg = Release|Win32
		{A937E5E3-9E11-4424-A13C-F0CF34BDD51F}.Release|x86.Build.0 = Release|Win32
		{0BC1A25C-FD47-4294-A025-912BCDA044A3}.Debug|x64.ActiveCfg = Debug|x64
		{0BC1A25C-FD47-4294-A025-912BCDA044A3}.Debug|x64.Build.0 = Debug|x64
		{0BC1A25C-FD47-4294-A025-912BCDA044A3}.Debug|x86.ActiveCfg = Debug|Win32
		{0BC1A25C-FD47-4294-A025-912BCDA044A3}.Debug|x86.Build.0 = Debug|Win32
		{0BC1A25C-FD47-4294-A025-912BCDA044A3}.Profile|x64.ActiveCfg = Profile|x64
		{0BC1A25C-FD47-4294-A025-912BCDA044A3}.Profile|x64.Build.0 = Profile|x64
		{0BC1A25C-FD47-4294-A025-912BCDA044A3}.Profile|x86.ActiveCfg = Profile|Win32
		{0BC1A25C-FD47-4294-A025-912BCDA044A3}.Profile|x86.Build.0 = Profile|Win32
		{0BC1A25C-FD47-4294-A025-912BCDA044A3}.Release|x64.ActiveCfg = Release|x64
		{0BC1A25C-FD47-4294-A025-912BCDA044A3}.Release|x64.Build.0 = Release|x64
		{0BC1A25C-FD47-4294-A025-912BCDA044A3}.Release|x86.ActiveCfg = Release|Win32
		{0BC1A25C-FD47-4294-A025-912BCDA044A3}.Release|x86.Build.0 = Release|Win32
		{535A3933-D087-44DE-8E82-276F9A9D7AF7}.Debug|x64.ActiveCfg = Debug|x64
		{535A3933-D087-44DE-8E82-276F9A9D7AF7}.Debug|x64.Build.0 = Debug|x64
		{535A3933-D087-44DE-8E82-276F9A9D7AF7}.Debug|x86.ActiveCfg = Debug|Win32
		{535A3933-D087-44DE-8E82-276F9A9D7AF7}.Debug|x86.Build.0 = Debug|Win32
		{535A3933-D087-44DE-8E82-276F9A9D7AF7}.Profile|x64.ActiveCfg = Profile|x64
		{535A3933-D087-44DE-8E82-276F9A9D7AF7}.Profile|x64.Build.0 = Profile|x64
		{535A3933-D087-44DE-8E82-276F9A9D7AF7}.Profile|x86.ActiveCfg = Profile|Win32
		{535A3933-D087-44DE-8E82-276F9A9D7AF7}.Profile|x86.Build.0 = Profile|Win32
		{535A3933-D087-44DE-8E82-276F9A9D7AF7}.Release|x64.ActiveCfg = Release|x64
		{535A3933-D087-44DE-8E82-276F9A9D7AF7}.Release|x64.Build.0 = Release|x64
		{535A3933-D087-44DE-8E82-276F9A9D7AF7}.Release|x86.ActiveCfg = Release|Win32
		{535A3933-D087-44DE-8E82-276F9A9D7AF7}.Release|x86.Build.0 = Release|Win32
		{9E7AE807-4480-4AE8-BA22-CA8E97CAA388}.Debug|x64.ActiveCfg = Debug|x64
		{9E7AE807-4480-4AE8-BA22-CA8E97CAA388}.Debug|x64.Build.0 = Debug|x64
		{9E7AE807-4480-4AE8-BA22-CA8E97CAA388}.Debug|x86.ActiveCfg = Debug|Win32
		{9E7AE807-4480-4AE8-BA22-CA8E97CAA388}.Debug|x86.Build.0 = Debug|Win32
		{9E7AE807-4480-4AE8-BA22-CA8E97CAA388}.Profile|x64.ActiveCfg = Profile|x64
		{9E7AE807-4480-4AE8-BA22-CA8E97CAA388}.Profile|x64.Build.0 = Profile|x64
		{9E7AE807-4480-4AE8-BA22-CA8E97CAA388}.Profile|x86.ActiveCfg = Profile|Win32
		{9E7AE807-4480-4AE8-BA22-CA8E97CAA388}.Profile|x86.Build.0 = Profile|Win32
		{9E7AE807-4480-4AE8-BA22-CA8E97CAA388}.Release|x64.ActiveCfg = Release|x64
		{9E7AE807-4480-4AE8-BA22-CA8E97CAA388}.Release|x64.Build.0 = Release|x64
		{9E7AE807-4480-4AE8-BA22-CA8E97CAA388}.Release|x86.ActiveCfg = Release|Win32
		{9E7AE807-4480-4AE8-BA22-CA8E97CAA388}.Release|x86.Build.0 = Release|Win32
		{DA1EBB52-646D-4740-943B-AC6F861910E3}.Debug|x64.ActiveCfg = Debug|x64
		{DA1EBB52-646D-4740-943B-AC6F861910E3}.Debug|x64.Build.0 = Debug|x64
		{DA1EBB52-646D-4740-943B-AC6F861910E3}.Debug|x86.ActiveCfg = Debug|Win32
		{DA1EBB52-646D-4740-943B-AC6F861910E3}.Debug|x86.Build.0 = Debug|Win32
		{DA1EBB52-646D-4740-943B-AC6F861910E3}.Profile|x64.ActiveCfg = Profile|x64
		{DA1EBB52-646D-4740-943B-AC6F861910E3}.Profile|x64.Build.0 = Profile|x64
		{DA1EBB52-646D-4740-943B-AC6F861910E3}.Profile|x86.ActiveCfg = Profile|Win32
		{DA1EBB52-646D-4740-943B-AC6F861910E3}.Profile|x86.Build.0 = Profile|Win32
		{DA1EBB52-646D-4740-943B-AC6F861910E3}.Release|x64.ActiveCfg = Release|x64
		{DA1EBB52-646D-4740-943B-AC6F861910E3}.Release|x64.Build.0 = Release|x64
		{DA1EBB52-646D-4740-943B-AC6F861910E3}.Release|x86.ActiveCfg = Release|Win32
		{DA1EBB52-646D-4740-943B-AC6F861910E3}.Release|x86.Build.0 = Release|Win32
		{185EC1F5-4E19-4F9C-A900-8BBE0604B550}.Debug|x64.ActiveCfg = Debug|x64
		{185EC1F5-4E19-4F9C-A900-8BBE0604B550}.Debug|x64.Build.0 = Debug|x64
		{185EC1F5-4E19-4F9C-A900-8BBE0604B550}.Debug|x86.ActiveCfg = Debug|Win32
		{185EC1F5-4E19-4F9C-A900-8BBE0604B550}.Debug|x86.Build.0 = Debug|Win32
		{185EC1F5-4E19-4F9C-A900-8BBE0604B550}.Profile|x64.ActiveCfg = Profile|x64
		{185EC1F5-4E19-4F9C-A900-8BBE0604B550}.Profile|x64.Build.0 = Profile|x64
		{185EC1F5-4E19-4F9C-A900-8BBE0604B550}.Profile|x86.ActiveCfg = Profile|Win32
		{185EC1F5-4E19-4F9C-A900-8BBE0604B550}.Profile|x86.Build.0 = Profile|Win32
		{185EC1F5-4E19-4F9C-A900-8BBE0604B550}.Release|x64.ActiveCfg = Release|x64
		{185EC1F5-4E19-4F9C-A900-8BBE0604B550}.Release|x64.Build.0 = Release|x64
		{185EC1F5-4E19-4F9C-A900-8BBE0604B550}.Release|x86.ActiveCfg = Release|Win32
		{185EC1F5-4E19-4F9C-A900-8BBE0604B550}.Release|x86.Build.0 = Release|Win32
		{FD6AD4DA-EA5E-4E50-8A3B-4B727C8FB44C}.Debug|x64.ActiveCfg = Debug|x64
		{FD6AD4DA-EA5E-4E50-8A3B-4B727C8FB44C}.Debug|x64.Build.0 = Debug|x64
		{FD6AD4DA-EA5E-4E50-8A3B-4B727C8FB44C}.Debug|x86.ActiveCfg = Debug|Win32
		{FD6AD4DA-EA5E-4E50-8A3B-4B727C8FB44C}.Debug|x86.Build.0 = Debug|Win32
		{FD6AD4DA-EA5E-4E50-8A3B-4B727C8FB44C}.Profile|x64.ActiveCfg = Profile|x64
		{FD6AD4DA-EA5E-4E50-8A3B-4B727C8FB44C}.Profile|x64.Build.0 = Profile|x64
		{FD6AD4DA-EA5E-4E50-8A3B-4B727C8FB44C}.Profile|x86.ActiveCfg = Profile|Win32
		{FD6AD4DA-EA5E-4E50-8A3B-4B727C8FB44C}.Profile|x86.Build.0 = Profile|Win32
		{FD6AD4DA-EA5E-4E50-8A3B-4B727C8FB44C}.Release|x64.ActiveCfg = Release|x64
		{FD6AD4DA-EA5E-4E50-8A3B-4B727C8FB44C}.Release|x64.Build.0 = Release|x64
		{FD6AD4DA-EA5E-4E50-8A3B-4B727C8FB44C}.Release|x86.ActiveCfg = Release|Win32
		{FD6AD4DA-EA5E-4E50-8A3B-4B727C8FB44C}.Release|x86.Build.0 = Release|Win32
		{6BF83480-0F3A-45EE-89A0-1BF74D0582A1}.Debug|x64.ActiveCfg = Debug|x64
		{6BF83480-0F3A-45EE-89A0-1BF74D0582A1}.Debug|x64.Build.0 = Debug|x64
		{6BF83480-0F3A-45EE-89A0-1BF74D0582A1}.Debug|x86.ActiveCfg = Debug|Win32
		{6BF83480-0F3A-45EE-89A0-1BF74D0582A1}.Debug|x86.Build.0 = Debug|Win32
		{6BF83480-0F3A-45EE-89A0-1BF74D0582A1}.Profile|x64.ActiveCfg = Profile|x64
		{6BF83480-0F3A-45EE-89A0-1BF74D0582A1}.Profile|x64.Build.0 = Profile|x64
		{6BF83480-0F3A-45EE-89A0-1BF74D0582A1}.Profile|x86.ActiveCfg = Profile|Win32
		{6BF83480-0F3A-45EE-89A0-1BF74D0582A1}.Profile|x86.Build.0 = Profile|Win32
		{6BF83480-0F3A-45EE-89A0-1BF74D0582A1}.Release|x64.ActiveCfg = Release|x64
		{6BF83480-0F3A-45EE-89A0-1BF74D0582A1}.Release|x64.Build.0 = Release|x64
		{6BF83480-0F3A-45EE-89A0-1BF74D0582A1}.Release|x86.ActiveCfg = Release|Win32
		{6BF83480-0F3A-45EE-89A0-1BF74D0582A1}.Release|x86.Build.0 = Release|Win32
		{F257755B-38F2-445D-AEC8-0E4A16B9098F}.Debug|x64.ActiveCfg = Debug|x64
		{F257755B-38F2-445D-AEC8-0E4A16B9098F}.Debug|x64.Build.0 = Debug|x64
		{F257755B-38F2-445D-AEC8-0E4A16B9098F}.Debug|x86.ActiveCfg = Debug|Win32
		{F257755B-38F2-445D-AEC8-0E4A16B9098F}.Debug|x86.Build.0 = Debug|Win32
		{F257755B-38F2-445D-AEC8-0E4A16B9098F}.Profile|x64.ActiveCfg = Profile|x64
		{F257755B-38F2-445D-AEC8-0E4A16B9098F}.Profile|x64.Build.0 = Profile|x64
		{F257755B-38F2-445D-AEC8-0E4A16B9098F}.Profile|x86.ActiveCfg = Profile|Win32
		{F257755B-38F2-445D-AEC8-0E4A16B9098F}.Profile|x86.Build.0 = Profile|Win32
		{F257755B-38F2-445D-AEC8-0E4A16B9098F}.Release|x64.ActiveCfg = Release|x64
		{F257755B-38F2-445D-AEC8-0E4A16B9098F}.Release|x64.Build.0 = Release|x64
		{F257755B-38F2-445D-AEC8-0E4A16B9098F}.Release|x86.ActiveCfg = Release|Win32
		{F257755B-38F2-445D-AEC8-0E4A16B9098F}.Release|x86.Build.0 = Release|Win32
		{59413FF3-8B6B-4746-B5A8-B78D38D99364}.Debug|x64.ActiveCfg = Debug|x64
		{59413FF3-8B6B-4746-B5A8-B78D38D99364}.Debug|x64.Build.0 = Debug|x64
		{59413FF3-8B6B-4746-B5A8-B78D38D99364}.Debug|x86.ActiveCfg = Debug|Win32
		{59413FF3-8B6B-4746-B5A8-B78D38D99364}.Debug|x86.Build.0 = Debug|Win32
		{59413FF3-8B6B-4746-B5A8-B78D38D99364}.Profile|x64.ActiveCfg = Profile|x64
		{59413FF3-8B6B-4746-B5A8-B78D38D99364}.Profile|x64.Build.0 = Profile|x64
		{59413FF3-8B6B-4746-B5A8-B78D38D99364}.Profile|x86.ActiveCfg = Profile|Win32
		{59413FF3-8B6B-4746-B5A8-B78D38D99364}.Profile|x86.Build.0 = Profile|Win32
		{59413FF3-8B6B-4746-B5A8-B78D38D99364}.Release|x64.ActiveCfg = Release|x64
		{59413FF3-8B6B-4746-B5A8-B78D38D99364}.Release|x64.Build.0 = Release|x64
		{59413FF3-8B6B-4746-B5A8-B78D38D99364}.Release|x86.ActiveCfg = Release|Win32
		{59413FF3-8B6B-4746-B5A8-B78D38D99364}.Release|x86.Build.0 = Release|Win32
		{29149287-2706-418E-9DDE-78BA59CDCA9E}.Debug|x64.ActiveCfg = Debug|x64
		{29149287-2706-418E-9DDE-78BA59CDCA9E}.Debug|x64.Build.0 = Debug|x64
		{29149287-2706-418E-9DDE-78BA59CDCA9E}.Debug|x86.ActiveCfg = Debug|Win32
		{29149287-2706-418E-9DDE-78BA59CDCA9E}.Debug|x86.Build.0 = Debug|Win32
		{29149287-2706-418E-9DDE-78BA59CDCA9E}.Profile|x64.ActiveCfg = Profile|x64
		{29149287-2706-418E-9DDE-78BA59CDCA9E}.Profile|x64.Build.0 = Profile|x64
		{29149287-2706-418E-9DDE-78BA59CDCA9E}.Profile|x86.ActiveCfg = Profile|Win32
		{29149287-2706-418E-9DDE-78BA59CDCA9E}.Profile|x86.Build.0 = Profile|Win32
		{29149287-2706-418E-9DDE-78BA59CDCA9E}.Release|x64.ActiveCfg = Release|x64
		{29149287-2706-418E-9DDE-78BA59CDCA9E}.Release|x64.Build.0 = Release|x64
		{29149287-2706-418E-9DDE-78BA59CDCA9E}.Release|x86.ActiveCfg = Release|Win32
		{29149287-2706-418E-9DDE-78BA59CDCA9E}.Release|x86.Build.0 = Release|Win32
		{2B545E71-B689-49A9-A800-F87BA0D63747}.Debug|x64.ActiveCfg = Debug|x64
		{2B545E71-B689-49A9-A800-F87BA0D63747}.Debug|x64.Build.0 = Debug|x64
		{2B545E71-B689-49A9-A800-F87BA0D63747}.Debug|x86.ActiveCfg = Debug|Win32
		{2B545E71-B689-49A9-A800-F87BA0D63747}.Debug|x86.Build.0 = Debug|Win32
		{2B545E71-B689-49A9-A800-F87BA0D63747}.Profile|x64.ActiveCfg = Profile|x64
		{2B545E71-B689-49A9-A800-F87BA0D63747}.Profile|x64.Build.0 = Profile|x64
		{2B545E71-B689-49A9-A800-F87BA0D63747}.Profile|x86.ActiveCfg = Profile|Win32
		{2B545E71-B689-49A9-A800-F87BA0D63747}.Profile|x86.Build.0 = Profile|Win32
		{2B545E71-B689-49A9-A800-F87BA0D63747}.Release|x64.ActiveCfg = Release|x64
		{2B545E71-B689-49A9-A800-F87BA0D63747}.Release|x64.Build.0 = Release|x64
		{2B545E71-B689-49A9-A800-F87BA0D63747}.Release|x86.ActiveCfg = Release|Win32
		{2B545E71-B689-49A9-A800-F87BA0D63747}.Release|x86.Build.0 = Release|Win32
		{51867755-59A0-4E24-B903-0F2AB9E455E2}.Debug|x64.ActiveCfg = Debug|x64
		{51867755-59A0-4E24-B903-0F2AB9E455E2}.Debug|x64.Build.0 = Debug|x64
		{51867755-59A0-4E24-B903-0F2AB9E455E2}.Debug|x86.ActiveCfg = Debug|Win32
		{51867755-59A0-4E24-B903-0F2AB9E455E2}.Debug|x86.Build.0 = Debug|Win32
		{51867755-59A0-4E24-B903-0F2AB9E455E2}.Profile|x64.ActiveCfg = Profile|x64
		{51867755-59A0-4E24-B903-0F2AB9E455E2}.Profile|x64.Build.0 = Profile|x64
		{51867755-59A0-4E24-B903-0F2AB9E455E2}.Profile|x86.ActiveCfg = Profile|Win32
		{51867755-59A0-4E24-B903-0F2AB9E455E2}.Profile|x86.Build.0 = Profile|Win32
		{51867755-59A0-4E24-B903-0F2AB9E455E2}.Release|x64.ActiveCfg = Release|x64
		{51867755-59A0-4E24-B903-0F2AB9E455E2}.Release|x64.Build.0 = Release|x64
		{51867755-59A0-4E24-B903-0F2AB9E455E2}.Release|x86.ActiveCfg = Release|Win32
		{51867755-59A0-4E24-B903-0F2AB9E455E2}.Release|x86.Build.0 = Release|Win32
		{5D1AEDA6-BE82-45BC-B708-E9F725B1AB8C}.Debug|x64.ActiveCfg = Debug|x64
		{5D1AEDA6-BE82-45BC-B708-E9F725B1AB8C}.Debug|x64.Build.0 = Debug|x64
		{5D1AEDA6-BE82-45BC-B708-E9F725B1AB8C}.Debug|x86.ActiveCfg = Debug|Win32
		{5D1AEDA6-BE82-45BC-B708-E9F725B1AB8C}.Debug|x86.Build.0 = Debug|Win32
		{5D1AEDA6-BE82-45BC-B708-E9F725B1AB8C}.Profile|x64.ActiveCfg = Profile|x64
		{5D1AEDA6-BE82-45BC-B708-E9F725B1AB8C}.Profile|x64.Build.0 = Profile|x64
		{5D1AEDA6-BE82-45BC-B708-E9F725B1AB8C}.Profile|x86.ActiveCfg = Profile|Win32
		{5D1AEDA6-BE82-45BC-B708-E9F725B1AB8C}.Profile|x86.Build.0 = Profile|Win32
		{5D1AEDA6-BE82-45BC-B708-E9F725B1AB8C}.Release|x64.ActiveCfg = Release|x64
		{5D1AEDA6-BE82-45BC-B708-E9F725B1AB8C}.Release|x64.Build.0 = Release|x64
		{5D1AEDA6-BE82-45BC-B708-E9F725B1AB8C}.Release|x86.ActiveCfg = Release|Win32
		{5D1AEDA6-BE82-45BC-B708-E9F725B1AB8C}.Release|x86.Build.0 = Release|Win32
		{2F28A7A0-F984-4BA2-A3C2-82F1CE494446}.Debug|x64.ActiveCfg = Debug|x64
		{2F28A7A0-F984-4BA2-A3C2-82F1CE494446}.Debug|x64.Build.0 = Debug|x64
		{2F28A7A0-F984-4BA2-A3C2-82F1CE494446}.Debug|x86.ActiveCfg = Debug|Win32
		{2F28A7A0-F984-4BA2-A3C2-82F1CE494446}.Debug|x86.Build.0 = Debug|Win32
		{2F28A7A0-F984-4BA2-A3C2-82F1CE494446}.Profile|x64.ActiveCfg = Profile|x64
		{2F28A7A0-F984-4BA2-A3C2-82F1CE494446}.Profile|x64.Build.0 = Profile|x64
		{2F28A7A0-F984-4BA2-A3C2-82F1CE494446}.Profile|x86.ActiveCfg = Profile|Win32
		{2F28A7A0-F984-4BA2-A3C2-82F1CE494446}.Profile|x86.Build.0 = Profile|Win32
		{2F28A7A0-F984-4BA2-A3C2-82F1CE494446}.Release|x64.ActiveCfg = Release|x64
		{2F28A7A0-F984-4BA2-A3C2-82F1CE494446}.Release|x64.Build.0 = Release|x64
		{2F28A7A0-F984-4BA2-A3C2-82F1CE494446}.Release|x86.ActiveCfg = Release|Win32
		{2F28A7A0-F984-4BA2-A3C2-82F1CE494446}.Release|x86.Build.0 = Release|Win32
		{0122F920-C019-4675-BEA4-906DFDFA358F}.Debug|x64.ActiveCfg = Debug|x64
		{0122F920-C019-4675-BEA4-906DFDFA358F}.Debug|x64.Build.0 = Debug|x64
		{0122F920-C019-4675-BEA4-906DFDFA358F}.Debug|x86.ActiveCfg = Debug|Win32
		{0122F920-C019-4675-BEA4-906DFDFA358F}.Debug|x86.Build.0 = Debug|Win32
		{0122F920-C019-4675-BEA4-906DFDFA358F}.Profile|x64.ActiveCfg = Profile|x64
		{0122F920-C019-4675-BEA4-906DFDFA358F}.Profile|x64.Build.0 = Profile|x64
		{0122F920-C019-4675-BEA4-906DFDFA358F}.Profile|x86.ActiveCfg = Profile|Win32
		{0122F920-C019-4675-BEA4-906DFDFA358F}.Profile|x86.Build.0 = Profile|Win32
		{0122F920-C019-4675-BEA4-906DFDFA358F}.Release|x64.ActiveCfg = Release|x64
		{0122F920-C019-4675-BEA4-906DFDFA358F}.Release|x64.Build.0 = Release|x64
		{0122F920-C019-4675-BEA4-906DFDFA358F}.Release|x86.ActiveCfg = Release|Win32
		{0122F920-C019-4675-BEA4-906DFDFA358F}.Release|x86.Build.0 = Release|Win32
		{2BB4CD58-34FF-4CA0-A9DF-804DC879A26B}.Debug|x64.ActiveCfg = Debug|x64
		{2BB4CD58-34FF-4CA0-A9DF-804DC879A26B}.Debug|x64.Build.0 = Debug|x64
		{2BB4CD58-34FF-4CA0-A9DF-804DC879A26B}.Debug|x86.ActiveCfg = Debug|Win32
		{2BB4CD58-34FF-4CA0-A9DF-804DC879A26B}.Debug|x86.Build.0 = Debug|Win32
		{2BB4CD58-34FF-4CA0-A9DF-804DC879A26B}.Profile|x64.ActiveCfg = Profile|x64
		{2BB4CD58-34FF-4CA0-A9DF-804DC879A26B}.Profile|x64.Build.0 = Profile|x64
		{2BB4CD58-34FF-4CA0-A9DF-804DC879A26B}.Profile|x86.ActiveCfg = Profile|Win32
		{2BB4CD58-34FF-4CA0-A9DF-804DC879A26B}.Profile|x86.Build.0 = Profile|Win32
		{2BB4CD58-34FF-4CA0-A9DF-804DC879A26B}.Release|x64.ActiveCfg = Release|x64
		{2BB4CD58-34FF-4CA0-A9DF-804DC879A26B}.Release|x64.Build.0 = Release|x64
		{2BB4CD58-34FF-4CA0-A9DF-804DC879A26B}.Release|x86.ActiveCfg = Release|Win32
		{2BB4CD58-34FF-4CA0-A9DF-804DC879A26B}.Release|x86.Build.0 = Release|Win32
		{AEC3A072-E4E2-4B66-903E-4D086B2F3496}.Debug|x64.ActiveCfg = Debug|x64
		{AEC3A072-E4E2-4B66-903E-4D086B2F3496}.Debug|x64.Build.0 = Debug|x64
		{AEC3A072-E4E2-4B66-903E-4D086B2F3496}.Debug|x86.ActiveCfg = Debug|Win32
		{AEC3A072-E4E2-4B66-903E-4D086B2F3496}.Debug|x86.Build.0 = Debug|Win32
		{AEC3A072-E4E2-4B66-903E-4D086B2F3496}.Profile|x64.ActiveCfg = Profile|x64
		{AEC3A072-E4E2-4B66-903E-4D086B2F3496}.Profile|x64.Build.0 = Profile|x64
		{AEC3A072-E4E2-4B66-903E-4D086B2F3496}.Profile|x86.ActiveCfg = Profile|Win32
		{AEC3A072-E4E2-4B66-903E-4D086B2F3496}.Profile|x86.Build.0 = Profile|Win32
		{AEC3A072-E4E2-4B66-903E-4D086B2F3496}.Release|x64.ActiveCfg = Release|x64
		{AEC3A072-E4E2-4B66-903E-4D086B2F3496}.Release|x64.Build.0 = Release|x64
		{AEC3A072-E4E2-4B66-903E-4D086B2F3496}.Release|x86.ActiveCfg = Release|Win32
		{AEC3A072-E4E2-4B66-903E-4D086B2F3496}.Release|x86.Build.0 = Release|Win32
		{6D159EF9-5C5E-4DEA-A517-00CC391B9808}.Debug|x64.ActiveCfg = Debug|x64
		{6D159EF9-5C5E-4DEA-A517-00CC391B9808}.Debug|x64.Build.0 = Debug|x64
		{6D159EF9-5C5E-4DEA-A517-00CC391B9808}.Debug|x86.ActiveCfg = Debug|Win32
		{6D159EF9-5C5E-4DEA-A517-00CC391B9808}.Debug|x86.Build.0 = Debug|Win32
		{6D159EF9-5C5E-4DEA-A517-00CC391B9808}.Profile|x64.ActiveCfg = Profile|x64
		{6D159EF9-5C5E-4DEA-A517-00CC391B9808}.Profile|x64.Build.0 = Profile|x64
		{6D159EF9-5C5E-4DEA-A517-00CC391B9808}.Profile|x86.ActiveCfg = Profile|Win32
		{6D159EF9-5C5E-4DEA-A517-00CC391B9808}.Profile|x86.Build.0 = Profile|Win32
		{6D159EF9-5C5E-4DEA-A517-00CC391B9808}.Release|x64.ActiveCfg = Release|x64
		{6D159EF9-5C5E-4DEA-A517-00CC391B9808}.Release|x64.Build.0 = Release|x64
		{6D159EF9-5C5E-4DEA-A517-00CC391B9808}.Release|x86.ActiveCfg = Release|Win32
		{6D159EF9-5C5E-4DEA-A517-00CC391B9808}.Release|x86.Build.0 = Release|Win32
		{71D27206-093B-4D41-A8EC-5D5919F28AB6}.Debug|x64.ActiveCfg = Debug|x64
		{71D27206-093B-4D41-A8EC-5D5919F28AB6}.Debug|x64.Build.0 = Debug|x64
		{71D27206-093B-4D41-A8EC-5D5919F28AB6}.Debug|x86.ActiveCfg = Debug|Win32
		{71D27206-093B-4D41-A8EC-5D5919F28AB6}.Debug|x86.Build.0 = Debug|Win32
		{71D27206-093B-4D41-A8EC-5D5919F28AB6}.Profile|x64.ActiveCfg = Profile|x64
		{71D27206-093B-4D41-A8EC-5D5919F28AB6}.Profile|x64.Build.0 = Profile|x64
		{71D27206-093B-4D41-A8EC-5D5919F28AB6}.Profile|x86.ActiveCfg = Profile|Win32
		{71D27206-093B-4D41-A8EC-5D5919F28AB6}.Profile|x86.Build.0 = Profile|Win32
		{71D27206-093B-4D41-A8EC-5D5919F28AB6}.Release|x64.ActiveCfg = Release|x64
		{71D27206-093B-4D41-A8EC-5D5919F28AB6}.Release|x64.Build.0 = Release|x64
		{71D27206-093B-4D41-A8EC-5D5919F28AB6}.Release|x86.ActiveCfg = Release|Win32
		{71D27206-093B-4D41-A8EC-5D5919F28AB6}.Release|x86.Build.0 = Release|Win32
		{AED29B10-E8AF-4466-9999-3F9C70488988}.Debug|x64.ActiveCfg = Debug|x64
		{AED29B10-E8AF-4466-9999-3F9C70488988}.Debug|x64.Build.0 = Debug|x64
		{AED29B10-E8AF-4466-9999-3F9C70488988}.Debug|x86.ActiveCfg = Debug|Win32
		{AED29B10-E8AF-4466-9999-3F9C70488988}.Debug|x86.Build.0 = Debug|Win32
		{AED29B10-E8AF-4466-9999-3F9C70488988}.Profile|x64.ActiveCfg = Profile|x64
		{AED29B10-E8AF-4466-9999-3F9C70488988}.Profile|x64.Build.0 = Profile|x64
		{AED29B10-E8AF-4466-9999-3F9C70488988}.Profile|x86.ActiveCfg = Profile|Win32
		{AED29B10-E8AF-4466-9999-3F9C70488988}.Profile|x86.Build.0 = Profile|Win32
		{AED29B10-E8AF-4466-9999-3F9C70488988}.Release|x64.ActiveCfg = Release|x64
		{AED29B10-E8AF-4466-9999-3F9C70488988}.Release|x64.Build.0 = Release|x64
		{AED29B10-E8AF-4466-9999-3F9C70488988}.Release|x86.ActiveCfg = Release|Win32
		{AED29B10-E8AF-4466-9999-3F9C70488988}.Release|x86.Build.0 = Release|Win32
		{6C22D1BB-DA28-4E57-B8EC-852E88BDE80A}.Debug|x64.ActiveCfg = Debug|x64
		{6C22D1BB-DA28-4E57-B8EC-852E88BDE80A}.Debug|x64.Build.0 = Debug|x64
		{6C22D1BB-DA28-4E57-B8EC-852E88BDE80A}.Debug|x86.ActiveCfg = Debug|Win32
		{6C22D1BB-DA28-4E57-B8EC-852E88BDE80A}.Debug|x86.Build.0 = Debug|Win32
		{6C22D1BB-DA28-4E57-B8EC-852E88BDE80A}.Profile|x64.ActiveCfg = Profile|x64
		{6C22D1BB-DA28-4E57-B8EC-852E88BDE80A}.Profile|x64.Build.0 = Profile|x64
		{6C22D1BB-DA28-4E57-B8EC-852E88BDE80A}.Profile|x86.ActiveCfg = Profile|Win32
		{6C22D1BB-DA28-4E57-B8EC-852E88BDE80A}.Profile|x86.Build.0 = Profile|Win32
		{6C22D1BB-DA28-4E57-B8EC-852E88BDE80A}.Release|x64.ActiveCfg = Release|x64
		{6C22D1BB-DA28-4E57-B8EC-852E88BDE80A}.Release|x64.Build.0 = Release|x64
		{6C22D1BB-DA28-4E57-B8EC-852E88BDE80A}.Release|x86.ActiveCfg = Release|Win32
		{6C22D1BB-DA28-4E57-B8EC-852E88BDE80A}.Release|x86.Build.0 = Release|Win32
		{D7A64CE8-FA60-48B7-BCE0-4E4F4E63FB81}.Debug|x64.ActiveCfg = Debug|x64
		{D7A64CE8-FA60-48B7-BCE0-4E4F4E63FB81}.Debug|x64.Build.0 = Debug|x64
		{D7A64CE8-FA60-48B7-BCE0-4E4F4E63FB81}.Debug|x86.ActiveCfg = Debug|Win32
		{D7A64CE8-FA60-48B7-BCE0-4E4F4E63FB81}.Debug|x86.Build.0 = Debug|Win32
		{D7A64CE8-FA60-48B7-BCE0-4E4F4E63FB81}.Profile|x64.ActiveCfg = Profile|x64
		{D7A64CE8-FA60-48B7-BCE0-4E4F4E63FB81}.Profile|x64.Build.0 = Profile|x64
		{D7A64CE8-FA60-48B7-BCE0-4E4F4E63FB81}.Profile|x86.ActiveCfg = Profile|Win32
		{D7A64CE8-FA60-48B7-BCE0-4E4F4E63FB81}.Profile|x86.Build.0 = Profile|Win32
		{D7A64CE8-FA60-48B7-BCE0-4E4F4E63FB81}.Release|x64.ActiveCfg = Release|x64
		{D7A64CE8-FA60-48B7-BCE0-4E4F4E63FB81}.Release|x64.Build.0 = Release|x64
		{D7A64CE8-FA60-48B7-BCE0-4E4F4E63FB81}.Release|x86.ActiveCfg = Release|Win32
		{D7A64CE8-FA60-48B7-BCE0-4E4F4E63FB81}.Release|x86.Build.0 = Release|Win32
		{E7A57A1F-8FFB-41BE-9021-031D5D759CE1}.Debug|x64.ActiveCfg = Debug|x64
		{E7A57A1F-8FFB-41BE-9021-031D5D759CE1}.Debug|x64.Build.0 = Debug|x64
		{E7A57A1F-8FFB-41BE-9021-031D5D759CE1}.Debug|x86.ActiveCfg = Debug|Win32
		{E7A57A1F-8FFB-41BE-9021-031D5D759CE1}.Debug|x86.Build.0 = Debug|Win32
		{E7A57A1F-8FFB-41BE-9021-031D5D759CE1}.Profile|x64.ActiveCfg = Profile|x64
		{E7A57A1F-8FFB-41BE-9021-031D5D759CE1}.Profile|x64.Build.0 = Profile|x64
		{E7A57A1F-8FFB-41BE-9021-031D5D759CE1}.Profile|x86.ActiveCfg = Profile|Win32
		{E7A57A1F-8FFB-41BE-9021-031D5D759CE1}.Profile|x86.Build.0 = Profile|Win32
		{E7A57A1F-8FFB-41BE-9021-031D5D759CE1}.Release|x64.ActiveCfg = Release|x64
		{E7A57A1F-8FFB-41BE-9021-031D5D759CE1}.Release|x64.Build.0 = Release|x64
		{E7A57A1F-8FFB-41BE-9021-031D5D759CE1}.Release|x86.ActiveCfg = Release|Win32
		{E7A57A1F-8FFB-41BE-9021-031D5D759CE1}.Release|x86.Build.0 = Release|Win32
		{E0F270D7-114F-4B73-BEE5-B3A190E9EAD4}.Debug|x64.ActiveCfg = Debug|x64
		{E0F270D7-114F-4B73-BEE5-B3A190E9EAD4}.Debug|x64.Build.0 = Debug|x64
		{E0F270D7-114F-4B73-BEE5-B3A190E9EAD4}.Debug|x86.ActiveCfg = Debug|Win32
		{E0F270D7-114F-4B73-BEE5-B3A190E9EAD4}.Debug|x86.Build.0 = Debug|Win32
		{E0F270D7-114F-4B73-BEE5-B3A190E9EAD4}.Profile|x64.ActiveCfg = Profile|x64
		{E0F270D7-114F-4B73-BEE5-B3A190E9EAD4}.Profile|x64.Build.0 = Profile|x64
		{E0F270D7-114F-4B73-BEE5-B3A190E9EAD4}.Profile|x86.ActiveCfg = Profile|Win32
		{E0F270D7-114F-4B73-BEE5-B3A190E9EAD4}.Profile|x86.Build.0 = Profile|Win32
		{E0F270D7-114F-4B73-BEE5-B3A190E9EAD4}.Release|x64.ActiveCfg = Release|x64
		{E0F270D7-114F-4B73-BEE5-B3A190E9EAD4}.Release|x64.Build.0 = Release|x64
		{E0F270D7-114F-4B73-BEE5-B3A190E9EAD4}.Release|x86.ActiveCfg = Release|Win32
		{E0F270D7-114F-4B73-BEE5-B3A190E9EAD4}.Release|x86.Build.0 = Release|Win32
		{A8715DBF-5DA2-494A-8361-668682BFF705}.Debug|x64.ActiveCfg = Debug|x64
		{A8715DBF-5DA2-494A-8361-668682BFF705}.Debug|x64.Build.0 = Debug|x64
		{A8715DBF-5DA2-494A-8361-668682BFF705}.Debug|x86.ActiveCfg = Debug|Win32
		{A8715DBF-5DA2-494A-8361-668682BFF705}.Debug|x86.Build.0 = Debug|Win32
		{A8715DBF-5DA2-494A-8361-668682BFF705}.Profile|x64.ActiveCfg = Profile|x64
		{A8715DBF-5DA2-494A-8361-668682BFF705}.Profile|x64.Build.0 = Profile|x64
		{A8715DBF-5DA2-494A-8361-668682BFF705}.Profile|x86.ActiveCfg = Profile|Win32
		{A8715DBF-5DA2-494A-8361-668682BFF705}.Profile|x86.Build.0 = Profile|Win32
		{A8715DBF-5DA2-494A-8361-668682BFF705}.Release|x64.ActiveCfg = Release|x64
		{A8715DBF-5DA2-494A-8361-668682BFF705}.Release|x64.Build.0 = Release|x64
		{A8715DBF-5DA2-494A-8361-668682BFF705}.Release|x86.ActiveCfg = Release|Win32
		{A8715DBF-5DA2-494A-8361-668682BFF705}.Release|x86.Build.0 = Release|Win32
		{4147BD78-450B-42C7-9A69-2824C2E600A1}.Debug|x64.ActiveCfg = Debug|x64
		{4147BD78-450B-42C7-9A69-2824C2E600A1}.Debug|x64.Build.0 = Debug|x64
		{4147BD78-450B-42C7-9A69-2824C2E600A1}.Debug|x86.ActiveCfg = Debug|Win32
		{4147BD78-450B-42C7-9A69-2824C2E600A1}.Debug|x86.Build.0 = Debug|Win32
		{4147BD78-450B-42C7-9A69-2824C2E600A1}.Profile|x64.ActiveCfg = Profile|x64
		{4147BD78-450B-42C7-9A69-2824C2E600A1}.Profile|x64.Build.0 = Profile|x64
		{4147BD78-450B-42C7-9A69-2824C2E600A1}.Profile|x86.ActiveCfg = Profile|Win32
		{4147BD78-450B-42C7-9A69-2824C2E600A1}.Profile|x86.Build.0 = Profile|Win32
		{4147BD78-450B-42C7-9A69-2824C2E600A1}.Release|x64.ActiveCfg = Release|x64
		{4147BD78-450B-42C7-9A69-2824C2E600A1}.Release|x64.Build.0 = Release|x64
		{4147BD78-450B-42C7-9A69-2824C2E600A1}.Release|x86.ActiveCfg = Release|Win32
		{4147BD78-450B-42C7-9A69-2824C2E600A1}.Release|x86.Build.0 = Release|Win32
		{B10E4F84-0262-49F0-9A34-179CA72F3CEB}.Debug|x64.ActiveCfg = Debug|x64
		{B10E4F84-0262-49F0-9A34-179CA72F3CEB}.Debug|x64.Build.0 = Debug|x64
		{B10E4F84-0262-49F0-9A34-179CA72F3CEB}.Debug|x86.ActiveCfg = Debug|Win32
		{B10E4F84-0262-49F0-9A34-179CA72F3CEB}.Debug|x86.Build.0 = Debug|Win32
		{B10E4F84-0262-49F0-9A34-179CA72F3CEB}.Profile|x64.ActiveCfg = Profile|x64
		{B10E4F84-0262-49F0-9A34-179CA72F3CEB}.Profile|x64.Build.0 = Profile|x64
		{B10E4F84-0262-49F0-9A34-179CA72F3CEB}.Profile|x86.ActiveCfg = Profile|Win32
		{B10E4F84-0262-49F0-9A34-179CA72F3CEB}.Profile|x86.Build.0 = Profile|Win32
		{B10E4F84-0262-49F0-9A34-179CA72F3CEB}.Release|x64.ActiveCfg = Release|x64
		{B10E4F84-0262-49F0-9A34-179CA72F3CEB}.Release|x64.Build.0 = Release|x64
		{B10E4F84-0262-49F0-9A34-179CA72F3CEB}.Release|x86.ActiveCfg = Release|Win32
		{B10E4F84-0262-49F0-9A34-179CA72F3CEB}.Release|x86.Build.0 = Release|Win32
		{BD10F803-9175-4515-A7C3-BF79BE8DD61C}.Debug|x64.ActiveCfg = Debug|x64
		{BD10F803-9175-4515-A7C3-BF79BE8DD61C}.Debug|x64.Build.0 = Debug|x64
		{BD10F803-9175-4515-A7C3-BF79BE8DD61C}.Debug|x86.ActiveCfg = Debug|Win32
		{BD10F803-9175-4515-A7C3-BF79BE8DD61C}.Debug|x86.Build.0 = Debug|Win32
		{BD10F803-9175-4515-A7C3-BF79BE8DD61C}.Profile|x64.ActiveCfg = Profile|x64
		{BD10F803-9175-4515-A7C3-BF79BE8DD61C}.Profile|x64.Build.0 = Profile|x64
		{BD10F803-9175-4515-A7C3-BF79BE8DD61C}.Profile|x86.ActiveCfg = Release|Win32
		{BD10F803-9175-4515-A7C3-BF79BE8DD61C}.Profile|x86.Build.0 = Release|Win32
		{BD10F803-9175-4515-A7C3-BF79BE8DD61C}.Release|x64.ActiveCfg = Release|x64
		{BD10F803-9175-4515-A7C3-BF79BE8DD61C}.Release|x64.Build.0 = Release|x64
		{BD10F803-9175-4515-A7C3-BF79BE8DD61C}.Release|x86.ActiveCfg = Release|Win32
		{BD10F803-9175-4515-A7C3-BF79BE8DD61C}.Release|x86.Build.0 = Release|Win32
		{B6FC0676-1192-4DB8-B719-849165C10995}.Debug|x64.ActiveCfg = Debug|x64
		{B6FC0676-1192-4DB8-B719-849165C10995}.Debug|x64.Build.0 = Debug|x64
		{B6FC0676-1192-4DB8-B719-849165C10995}.Debug|x86.ActiveCfg = Debug|Win32
		{B6FC0676-1192-4DB8-B719-849165C10995}.Debug|x86.Build.0 = Debug|Win32
		{B6FC0676-1192-4DB8-B719-849165C10995}.Profile|x64.ActiveCfg = Profile|x64
		{B6FC0676-1192-4DB8-B719-849165C10995}.Profile|x64.Build.0 = Profile|x64
		{B6FC0676-1192-4DB8-B719-849165C10995}.Profile|x86.ActiveCfg = Profile|Win32
		{B6FC0676-1192-4DB8-B719-849165C10995}.Profile|x86.Build.0 = Profile|Win32
		{B6FC0676-1192-4DB8-B719-849165C10995}.Release|x64.ActiveCfg = Release|x64
		{B6FC0676-1192-4DB8-B719-849165C10995}.Release|x64.Build.0 = Release|x64
		{B6FC0676-1192-4DB8-B719-849165C10995}.Release|x86.ActiveCfg = Release|Win32
		{B6FC0676-1192-4DB8-B719-849165C10995}.Release|x86.Build.0 = Release|Win32
		{FB6332A5-E6DD-499A-8FE3-67E838802713}.Debug|x64.ActiveCfg = Debug|x64
		{FB6332A5-E6DD-499A-8FE3-67E838802713}.Debug|x64.Build.0 = Debug|x64
		{FB6332A5-E6DD-499A-8FE3-67E838802713}.Debug|x86.ActiveCfg = Debug|Win32
		{FB6332A5-E6DD-499A-8FE3-67E838802713}.Debug|x86.Build.0 = Debug|Win32
		{FB6332A5-E6DD-499A-8FE3-67E838802713}.Profile|x64.ActiveCfg = Profile|x64
		{FB6332A5-E6DD-499A-8FE3-67E838802713}.Profile|x64.Build.0 = Profile|x64
		{FB6332A5-E6DD-499A-8FE3-67E838802713}.Profile|x86.ActiveCfg = Profile|Win32
		{FB6332A5-E6DD-499A-8FE3-67E838802713}.Profile|x86.Build.0 = Profile|Win32
		{FB6332A5-E6DD-499A-8FE3-67E838802713}.Release|x64.ActiveCfg = Release|x64
		{FB6332A5-E6DD-499A-8FE3-67E838802713}.Release|x64.Build.0 = Release|x64
		{FB6332A5-E6DD-499A-8FE3-67E838802713}.Release|x86.ActiveCfg = Release|Win32
		{FB6332A5-E6DD-499A-8FE3-67E838802713}.Release|x86.Build.0 = Release|Win32
		{13EB85EE-AD91-4047-9AD1-A4592E8946FE}.Debug|x64.ActiveCfg = Debug|x64
		{13EB85EE-AD91-4047-9AD1-A4592E8946FE}.Debug|x64.Build.0 = Debug|x64
		{13EB85EE-AD91-4047-9AD1-A4592E8946FE}.Debug|x86.ActiveCfg = Debug|Win32
		{13EB85EE-AD91-4047-9AD1-A4592E8946FE}.Debug|x86.Build.0 = Debug|Win32
		{13EB85EE-AD91-4047-9AD1-A4592E8946FE}.Profile|x64.ActiveCfg = Profile|x64
		{13EB85EE-AD91-4047-9AD1-A4592E8946FE}.Profile|x64.Build.0 = Profile|x64
		{13EB85EE-AD91-4047-9AD1-A4592E8946FE}.Profile|x86.ActiveCfg = Profile|Win32
		{13EB85EE-AD91-4047-9AD1-A4592E8946FE}.Profile|x86.Build.0 = Profile|Win32
		{13EB85EE-AD91-4047-9AD1-A4592E8946FE}.Release|x64.ActiveCfg = Release|x64
		{13EB85EE-AD91-4047-9AD1-A4592E8946FE}.Release|x64.Build.0 = Release|x64
		{13EB85EE-AD91-4047-9AD1-A4592E8946FE}.Release|x86.ActiveCfg = Release|Win32
		{13EB85EE-AD91-4047-9AD1-A4592E8946FE}.Release|x86.Build.0 = Release|Win32
	EndGlobalSection
	GlobalSection(SolutionProperties) = preSolution
		HideSolutionNode = FALSE
	EndGlobalSection
	GlobalSection(ExtensibilityGlobals) = postSolution
		SolutionGuid = {5F743981-AED7-4ACF-B6AA-1073C16AF24E}
	EndGlobalSection
EndGlobal
