<?xml version="1.0" encoding="utf-8"?>
<Project ToolsVersion="4.0" xmlns="http://schemas.microsoft.com/developer/msbuild/2003">
  <ItemGroup>
    <ClCompile Include="pch.cpp" />
    <ClCompile Include="tests\keyboard_test.cpp">
      <Filter>tests</Filter>
    </ClCompile>
    <ClCompile Include="tests\mouse_test.cpp">
      <Filter>tests</Filter>
    </ClCompile>
  </ItemGroup>
  <ItemGroup>
    <ClInclude Include="pch.h" />
  </ItemGroup>
  <ItemGroup>
    <Filter Include="tests">
      <UniqueIdentifier>{58d7b77d-7614-4411-8e32-2463bd2e76ed}</UniqueIdentifier>
    </Filter>
  </ItemGroup>
</Project>